
Microsoft Visual Studio Solution File, Format Version 11.00
# Visual Studio 2010
Project("{2150E333-8FDC-42A3-9474-1A3956D46DE8}") = "3.ResourceAccessLayer", "3.ResourceAccessLayer", "{9B31E2F2-195B-4CC1-AA29-8643D3678E6C}"
EndProject
Project("{2150E333-8FDC-42A3-9474-1A3956D46DE8}") = "2.BusinessLayer", "2.BusinessLayer", "{63607586-369B-4DEF-810A-6A9828C647E2}"
EndProject
Project("{2150E333-8FDC-42A3-9474-1A3956D46DE8}") = "1.Presentation", "1.Presentation", "{6A9CA9A3-3E3B-4714-97E7-B84722BCC521}"
	ProjectSection(SolutionItems) = preProject
		How to load the Mvc project.txt = How to load the Mvc project.txt
	EndProjectSection
EndProject
Project("{2150E333-8FDC-42A3-9474-1A3956D46DE8}") = "Solution Items", "Solution Items", "{4D5A46E4-2267-4707-9E8B-9882FD8B7703}"
	ProjectSection(SolutionItems) = preProject
		CustomDictionary.xml = CustomDictionary.xml
		How to install WebSetup on IIS7.txt = How to install WebSetup on IIS7.txt
		LocalTestRun.testrunconfig = LocalTestRun.testrunconfig
		RunTestsValidateTeamBuild.bat = RunTestsValidateTeamBuild.bat
	EndProjectSection
EndProject
Project("{FAE04EC0-301F-11D3-BF4B-00C04F79EFBC}") = "UnitTest", "UnitTest\UnitTest.csproj", "{6D157670-55E6-4318-B516-6B7673B2BA35}"
EndProject
Project("{2150E333-8FDC-42A3-9474-1A3956D46DE8}") = "4.Instrumentation", "4.Instrumentation", "{0AD3B77D-7560-4C4E-B2CC-F7BF49363968}"
EndProject
Project("{54435603-DBB4-11D2-8724-00A0C9A8B90C}") = "WebSetup", "WebSetup\WebSetup.vdproj", "{757A20C6-E619-49A6-9C89-C8AB5F0227DF}"
EndProject
Project("{FAE04EC0-301F-11D3-BF4B-00C04F79EFBC}") = "Lib", "Lib\Lib.csproj", "{4B89956E-D9E0-4DB8-9AF5-E53A81E8A357}"
EndProject
Project("{FAE04EC0-301F-11D3-BF4B-00C04F79EFBC}") = "Mvc", "Mvc\Mvc.csproj", "{8419BE99-3583-4C28-9A28-33D410E84D2F}"
EndProject
Project("{FAE04EC0-301F-11D3-BF4B-00C04F79EFBC}") = "Utilities", "Utilities\Utilities.csproj", "{241CFCB5-BEEE-48D7-9778-C31F3B524A5A}"
EndProject
Project("{FAE04EC0-301F-11D3-BF4B-00C04F79EFBC}") = "Utilities.Web", "Utilities.Web\Utilities.Web.csproj", "{E042A6A1-13F6-4440-8EBD-9936D22B018E}"
EndProject
Project("{FAE04EC0-301F-11D3-BF4B-00C04F79EFBC}") = "ServiceAgents", "ServiceAgents\ServiceAgents.csproj", "{FE24ACF0-2AB9-4F47-A159-71EAE3EF4602}"
EndProject
Project("{FAE04EC0-301F-11D3-BF4B-00C04F79EFBC}") = "InMemoryTestData", "InMemoryTestData\InMemoryTestData.csproj", "{B95E0AA0-7F2B-496F-8B05-B304F427AE9A}"
EndProject
Project("{FAE04EC0-301F-11D3-BF4B-00C04F79EFBC}") = "DataAccess.EF", "DataAccess.EF\DataAccess.EF.csproj", "{EA5FBC05-BCBC-4707-A4DD-2DE058162F33}"
EndProject
Project("{FAE04EC0-301F-11D3-BF4B-00C04F79EFBC}") = "Application", "Application\Application.csproj", "{5C6409D8-ED35-4F32-9413-751EAC92CCD4}"
EndProject
Project("{FAE04EC0-301F-11D3-BF4B-00C04F79EFBC}") = "WebService", "WebService\WebService.csproj", "{492F35CD-2709-48F1-9950-C34D9CF8977E}"
EndProject
Project("{FAE04EC0-301F-11D3-BF4B-00C04F79EFBC}") = "Mvc.Tests", "Mvc.Tests\Mvc.Tests.csproj", "{D0894137-C4BA-4170-90BB-0D9C37AB66E3}"
EndProject
Project("{FAE04EC0-301F-11D3-BF4B-00C04F79EFBC}") = "Domain", "Domain\Domain.csproj", "{1EF56A77-9CA9-456A-BECC-4BCE331F7EFC}"
EndProject
Project("{FAE04EC0-301F-11D3-BF4B-00C04F79EFBC}") = "DataAccess", "DataAccess\DataAccess.csproj", "{3C91A59A-57CE-49C2-8558-E614502698EC}"
EndProject
Global
	GlobalSection(TestCaseManagementSettings) = postSolution
		CategoryFile = WebApplication2.vsmdi
	EndGlobalSection
	GlobalSection(SolutionConfigurationPlatforms) = preSolution
		Debug|Any CPU = Debug|Any CPU
		Debug|Mixed Platforms = Debug|Mixed Platforms
		Debug|x86 = Debug|x86
		Production|Any CPU = Production|Any CPU
		Production|Mixed Platforms = Production|Mixed Platforms
		Production|x86 = Production|x86
		Release|Any CPU = Release|Any CPU
		Release|Mixed Platforms = Release|Mixed Platforms
		Release|x86 = Release|x86
		SystemTest|Any CPU = SystemTest|Any CPU
		SystemTest|Mixed Platforms = SystemTest|Mixed Platforms
		SystemTest|x86 = SystemTest|x86
		UAT|Any CPU = UAT|Any CPU
		UAT|Mixed Platforms = UAT|Mixed Platforms
		UAT|x86 = UAT|x86
	EndGlobalSection
	GlobalSection(ProjectConfigurationPlatforms) = postSolution
		{6D157670-55E6-4318-B516-6B7673B2BA35}.Debug|Any CPU.ActiveCfg = Debug|Any CPU
		{6D157670-55E6-4318-B516-6B7673B2BA35}.Debug|Any CPU.Build.0 = Debug|Any CPU
		{6D157670-55E6-4318-B516-6B7673B2BA35}.Debug|Mixed Platforms.ActiveCfg = Debug|Any CPU
		{6D157670-55E6-4318-B516-6B7673B2BA35}.Debug|Mixed Platforms.Build.0 = Debug|Any CPU
		{6D157670-55E6-4318-B516-6B7673B2BA35}.Debug|x86.ActiveCfg = Debug|Any CPU
		{6D157670-55E6-4318-B516-6B7673B2BA35}.Debug|x86.Build.0 = Debug|Any CPU
		{6D157670-55E6-4318-B516-6B7673B2BA35}.Production|Any CPU.ActiveCfg = Production|Any CPU
		{6D157670-55E6-4318-B516-6B7673B2BA35}.Production|Any CPU.Build.0 = Production|Any CPU
		{6D157670-55E6-4318-B516-6B7673B2BA35}.Production|Mixed Platforms.ActiveCfg = Production|Any CPU
		{6D157670-55E6-4318-B516-6B7673B2BA35}.Production|Mixed Platforms.Build.0 = Production|Any CPU
		{6D157670-55E6-4318-B516-6B7673B2BA35}.Production|x86.ActiveCfg = Production|Any CPU
		{6D157670-55E6-4318-B516-6B7673B2BA35}.Release|Any CPU.ActiveCfg = Release|Any CPU
		{6D157670-55E6-4318-B516-6B7673B2BA35}.Release|Any CPU.Build.0 = Release|Any CPU
		{6D157670-55E6-4318-B516-6B7673B2BA35}.Release|Mixed Platforms.ActiveCfg = Release|Any CPU
		{6D157670-55E6-4318-B516-6B7673B2BA35}.Release|Mixed Platforms.Build.0 = Release|Any CPU
		{6D157670-55E6-4318-B516-6B7673B2BA35}.Release|x86.ActiveCfg = Release|Any CPU
		{6D157670-55E6-4318-B516-6B7673B2BA35}.Release|x86.Build.0 = Release|Any CPU
		{6D157670-55E6-4318-B516-6B7673B2BA35}.SystemTest|Any CPU.ActiveCfg = SystemTest|Any CPU
		{6D157670-55E6-4318-B516-6B7673B2BA35}.SystemTest|Any CPU.Build.0 = SystemTest|Any CPU
		{6D157670-55E6-4318-B516-6B7673B2BA35}.SystemTest|Mixed Platforms.ActiveCfg = SystemTest|Any CPU
		{6D157670-55E6-4318-B516-6B7673B2BA35}.SystemTest|Mixed Platforms.Build.0 = SystemTest|Any CPU
		{6D157670-55E6-4318-B516-6B7673B2BA35}.SystemTest|x86.ActiveCfg = SystemTest|Any CPU
		{6D157670-55E6-4318-B516-6B7673B2BA35}.UAT|Any CPU.ActiveCfg = UAT|Any CPU
		{6D157670-55E6-4318-B516-6B7673B2BA35}.UAT|Any CPU.Build.0 = UAT|Any CPU
		{6D157670-55E6-4318-B516-6B7673B2BA35}.UAT|Mixed Platforms.ActiveCfg = UAT|Any CPU
		{6D157670-55E6-4318-B516-6B7673B2BA35}.UAT|Mixed Platforms.Build.0 = UAT|Any CPU
		{6D157670-55E6-4318-B516-6B7673B2BA35}.UAT|x86.ActiveCfg = UAT|Any CPU
		{757A20C6-E619-49A6-9C89-C8AB5F0227DF}.Debug|Any CPU.ActiveCfg = Debug
		{757A20C6-E619-49A6-9C89-C8AB5F0227DF}.Debug|Mixed Platforms.ActiveCfg = Debug
		{757A20C6-E619-49A6-9C89-C8AB5F0227DF}.Debug|x86.ActiveCfg = Debug
		{757A20C6-E619-49A6-9C89-C8AB5F0227DF}.Production|Any CPU.ActiveCfg = Production
		{757A20C6-E619-49A6-9C89-C8AB5F0227DF}.Production|Mixed Platforms.ActiveCfg = Production
		{757A20C6-E619-49A6-9C89-C8AB5F0227DF}.Production|x86.ActiveCfg = Production
		{757A20C6-E619-49A6-9C89-C8AB5F0227DF}.Production|x86.Build.0 = Production
		{757A20C6-E619-49A6-9C89-C8AB5F0227DF}.Release|Any CPU.ActiveCfg = Release
		{757A20C6-E619-49A6-9C89-C8AB5F0227DF}.Release|Mixed Platforms.ActiveCfg = Release
		{757A20C6-E619-49A6-9C89-C8AB5F0227DF}.Release|x86.ActiveCfg = Release
		{757A20C6-E619-49A6-9C89-C8AB5F0227DF}.SystemTest|Any CPU.ActiveCfg = SystemTest
		{757A20C6-E619-49A6-9C89-C8AB5F0227DF}.SystemTest|Mixed Platforms.ActiveCfg = SystemTest
		{757A20C6-E619-49A6-9C89-C8AB5F0227DF}.SystemTest|x86.ActiveCfg = SystemTest
		{757A20C6-E619-49A6-9C89-C8AB5F0227DF}.SystemTest|x86.Build.0 = SystemTest
		{757A20C6-E619-49A6-9C89-C8AB5F0227DF}.UAT|Any CPU.ActiveCfg = UAT
		{757A20C6-E619-49A6-9C89-C8AB5F0227DF}.UAT|Mixed Platforms.ActiveCfg = UAT
		{757A20C6-E619-49A6-9C89-C8AB5F0227DF}.UAT|x86.ActiveCfg = UAT
		{757A20C6-E619-49A6-9C89-C8AB5F0227DF}.UAT|x86.Build.0 = UAT
		{4B89956E-D9E0-4DB8-9AF5-E53A81E8A357}.Debug|Any CPU.ActiveCfg = Debug|Any CPU
		{4B89956E-D9E0-4DB8-9AF5-E53A81E8A357}.Debug|Mixed Platforms.ActiveCfg = Debug|Any CPU
		{4B89956E-D9E0-4DB8-9AF5-E53A81E8A357}.Debug|x86.ActiveCfg = Debug|Any CPU
		{4B89956E-D9E0-4DB8-9AF5-E53A81E8A357}.Production|Any CPU.ActiveCfg = Production|Any CPU
		{4B89956E-D9E0-4DB8-9AF5-E53A81E8A357}.Production|Mixed Platforms.ActiveCfg = Production|Any CPU
		{4B89956E-D9E0-4DB8-9AF5-E53A81E8A357}.Production|x86.ActiveCfg = Production|Any CPU
		{4B89956E-D9E0-4DB8-9AF5-E53A81E8A357}.Release|Any CPU.ActiveCfg = Release|Any CPU
		{4B89956E-D9E0-4DB8-9AF5-E53A81E8A357}.Release|Mixed Platforms.ActiveCfg = Release|Any CPU
		{4B89956E-D9E0-4DB8-9AF5-E53A81E8A357}.Release|x86.ActiveCfg = Release|Any CPU
		{4B89956E-D9E0-4DB8-9AF5-E53A81E8A357}.SystemTest|Any CPU.ActiveCfg = SystemTest|Any CPU
		{4B89956E-D9E0-4DB8-9AF5-E53A81E8A357}.SystemTest|Mixed Platforms.ActiveCfg = SystemTest|Any CPU
		{4B89956E-D9E0-4DB8-9AF5-E53A81E8A357}.SystemTest|x86.ActiveCfg = SystemTest|Any CPU
		{4B89956E-D9E0-4DB8-9AF5-E53A81E8A357}.UAT|Any CPU.ActiveCfg = UAT|Any CPU
		{4B89956E-D9E0-4DB8-9AF5-E53A81E8A357}.UAT|Mixed Platforms.ActiveCfg = UAT|Any CPU
		{4B89956E-D9E0-4DB8-9AF5-E53A81E8A357}.UAT|x86.ActiveCfg = UAT|Any CPU
		{8419BE99-3583-4C28-9A28-33D410E84D2F}.Debug|Any CPU.ActiveCfg = Debug|Any CPU
		{8419BE99-3583-4C28-9A28-33D410E84D2F}.Debug|Any CPU.Build.0 = Debug|Any CPU
		{8419BE99-3583-4C28-9A28-33D410E84D2F}.Debug|Mixed Platforms.ActiveCfg = Debug|Any CPU
		{8419BE99-3583-4C28-9A28-33D410E84D2F}.Debug|Mixed Platforms.Build.0 = Debug|Any CPU
		{8419BE99-3583-4C28-9A28-33D410E84D2F}.Debug|x86.ActiveCfg = Debug|Any CPU
		{8419BE99-3583-4C28-9A28-33D410E84D2F}.Production|Any CPU.ActiveCfg = Production|Any CPU
		{8419BE99-3583-4C28-9A28-33D410E84D2F}.Production|Any CPU.Build.0 = Production|Any CPU
		{8419BE99-3583-4C28-9A28-33D410E84D2F}.Production|Mixed Platforms.ActiveCfg = Production|Any CPU
		{8419BE99-3583-4C28-9A28-33D410E84D2F}.Production|Mixed Platforms.Build.0 = Production|Any CPU
		{8419BE99-3583-4C28-9A28-33D410E84D2F}.Production|x86.ActiveCfg = Production|Any CPU
		{8419BE99-3583-4C28-9A28-33D410E84D2F}.Release|Any CPU.ActiveCfg = Release|Any CPU
		{8419BE99-3583-4C28-9A28-33D410E84D2F}.Release|Any CPU.Build.0 = Release|Any CPU
		{8419BE99-3583-4C28-9A28-33D410E84D2F}.Release|Mixed Platforms.ActiveCfg = Release|Any CPU
		{8419BE99-3583-4C28-9A28-33D410E84D2F}.Release|Mixed Platforms.Build.0 = Release|Any CPU
		{8419BE99-3583-4C28-9A28-33D410E84D2F}.Release|x86.ActiveCfg = Release|Any CPU
		{8419BE99-3583-4C28-9A28-33D410E84D2F}.SystemTest|Any CPU.ActiveCfg = SystemTest|Any CPU
		{8419BE99-3583-4C28-9A28-33D410E84D2F}.SystemTest|Any CPU.Build.0 = SystemTest|Any CPU
		{8419BE99-3583-4C28-9A28-33D410E84D2F}.SystemTest|Mixed Platforms.ActiveCfg = SystemTest|Any CPU
		{8419BE99-3583-4C28-9A28-33D410E84D2F}.SystemTest|Mixed Platforms.Build.0 = SystemTest|Any CPU
		{8419BE99-3583-4C28-9A28-33D410E84D2F}.SystemTest|x86.ActiveCfg = SystemTest|Any CPU
		{8419BE99-3583-4C28-9A28-33D410E84D2F}.UAT|Any CPU.ActiveCfg = UAT|Any CPU
		{8419BE99-3583-4C28-9A28-33D410E84D2F}.UAT|Any CPU.Build.0 = UAT|Any CPU
		{8419BE99-3583-4C28-9A28-33D410E84D2F}.UAT|Mixed Platforms.ActiveCfg = UAT|Any CPU
		{8419BE99-3583-4C28-9A28-33D410E84D2F}.UAT|Mixed Platforms.Build.0 = UAT|Any CPU
		{8419BE99-3583-4C28-9A28-33D410E84D2F}.UAT|x86.ActiveCfg = UAT|Any CPU
		{241CFCB5-BEEE-48D7-9778-C31F3B524A5A}.Debug|Any CPU.ActiveCfg = Debug|Any CPU
		{241CFCB5-BEEE-48D7-9778-C31F3B524A5A}.Debug|Any CPU.Build.0 = Debug|Any CPU
		{241CFCB5-BEEE-48D7-9778-C31F3B524A5A}.Debug|Mixed Platforms.ActiveCfg = Debug|Any CPU
		{241CFCB5-BEEE-48D7-9778-C31F3B524A5A}.Debug|Mixed Platforms.Build.0 = Debug|Any CPU
		{241CFCB5-BEEE-48D7-9778-C31F3B524A5A}.Debug|x86.ActiveCfg = Debug|Any CPU
		{241CFCB5-BEEE-48D7-9778-C31F3B524A5A}.Production|Any CPU.ActiveCfg = Production|Any CPU
		{241CFCB5-BEEE-48D7-9778-C31F3B524A5A}.Production|Any CPU.Build.0 = Production|Any CPU
		{241CFCB5-BEEE-48D7-9778-C31F3B524A5A}.Production|Mixed Platforms.ActiveCfg = Production|Any CPU
		{241CFCB5-BEEE-48D7-9778-C31F3B524A5A}.Production|Mixed Platforms.Build.0 = Production|Any CPU
		{241CFCB5-BEEE-48D7-9778-C31F3B524A5A}.Production|x86.ActiveCfg = Production|Any CPU
		{241CFCB5-BEEE-48D7-9778-C31F3B524A5A}.Release|Any CPU.ActiveCfg = Release|Any CPU
		{241CFCB5-BEEE-48D7-9778-C31F3B524A5A}.Release|Any CPU.Build.0 = Release|Any CPU
		{241CFCB5-BEEE-48D7-9778-C31F3B524A5A}.Release|Mixed Platforms.ActiveCfg = Release|Any CPU
		{241CFCB5-BEEE-48D7-9778-C31F3B524A5A}.Release|Mixed Platforms.Build.0 = Release|Any CPU
		{241CFCB5-BEEE-48D7-9778-C31F3B524A5A}.Release|x86.ActiveCfg = Release|Any CPU
		{241CFCB5-BEEE-48D7-9778-C31F3B524A5A}.SystemTest|Any CPU.ActiveCfg = SystemTest|Any CPU
		{241CFCB5-BEEE-48D7-9778-C31F3B524A5A}.SystemTest|Any CPU.Build.0 = SystemTest|Any CPU
		{241CFCB5-BEEE-48D7-9778-C31F3B524A5A}.SystemTest|Mixed Platforms.ActiveCfg = SystemTest|Any CPU
		{241CFCB5-BEEE-48D7-9778-C31F3B524A5A}.SystemTest|Mixed Platforms.Build.0 = SystemTest|Any CPU
		{241CFCB5-BEEE-48D7-9778-C31F3B524A5A}.SystemTest|x86.ActiveCfg = SystemTest|Any CPU
		{241CFCB5-BEEE-48D7-9778-C31F3B524A5A}.UAT|Any CPU.ActiveCfg = UAT|Any CPU
		{241CFCB5-BEEE-48D7-9778-C31F3B524A5A}.UAT|Any CPU.Build.0 = UAT|Any CPU
		{241CFCB5-BEEE-48D7-9778-C31F3B524A5A}.UAT|Mixed Platforms.ActiveCfg = UAT|Any CPU
		{241CFCB5-BEEE-48D7-9778-C31F3B524A5A}.UAT|Mixed Platforms.Build.0 = UAT|Any CPU
		{241CFCB5-BEEE-48D7-9778-C31F3B524A5A}.UAT|x86.ActiveCfg = UAT|Any CPU
		{E042A6A1-13F6-4440-8EBD-9936D22B018E}.Debug|Any CPU.ActiveCfg = Debug|Any CPU
		{E042A6A1-13F6-4440-8EBD-9936D22B018E}.Debug|Any CPU.Build.0 = Debug|Any CPU
		{E042A6A1-13F6-4440-8EBD-9936D22B018E}.Debug|Mixed Platforms.ActiveCfg = Debug|Any CPU
		{E042A6A1-13F6-4440-8EBD-9936D22B018E}.Debug|Mixed Platforms.Build.0 = Debug|Any CPU
		{E042A6A1-13F6-4440-8EBD-9936D22B018E}.Debug|x86.ActiveCfg = Debug|Any CPU
		{E042A6A1-13F6-4440-8EBD-9936D22B018E}.Production|Any CPU.ActiveCfg = Production|Any CPU
		{E042A6A1-13F6-4440-8EBD-9936D22B018E}.Production|Any CPU.Build.0 = Production|Any CPU
		{E042A6A1-13F6-4440-8EBD-9936D22B018E}.Production|Mixed Platforms.ActiveCfg = Production|Any CPU
		{E042A6A1-13F6-4440-8EBD-9936D22B018E}.Production|Mixed Platforms.Build.0 = Production|Any CPU
		{E042A6A1-13F6-4440-8EBD-9936D22B018E}.Production|x86.ActiveCfg = Production|Any CPU
		{E042A6A1-13F6-4440-8EBD-9936D22B018E}.Release|Any CPU.ActiveCfg = Release|Any CPU
		{E042A6A1-13F6-4440-8EBD-9936D22B018E}.Release|Any CPU.Build.0 = Release|Any CPU
		{E042A6A1-13F6-4440-8EBD-9936D22B018E}.Release|Mixed Platforms.ActiveCfg = Release|Any CPU
		{E042A6A1-13F6-4440-8EBD-9936D22B018E}.Release|Mixed Platforms.Build.0 = Release|Any CPU
		{E042A6A1-13F6-4440-8EBD-9936D22B018E}.Release|x86.ActiveCfg = Release|Any CPU
		{E042A6A1-13F6-4440-8EBD-9936D22B018E}.SystemTest|Any CPU.ActiveCfg = SystemTest|Any CPU
		{E042A6A1-13F6-4440-8EBD-9936D22B018E}.SystemTest|Any CPU.Build.0 = SystemTest|Any CPU
		{E042A6A1-13F6-4440-8EBD-9936D22B018E}.SystemTest|Mixed Platforms.ActiveCfg = SystemTest|Any CPU
		{E042A6A1-13F6-4440-8EBD-9936D22B018E}.SystemTest|Mixed Platforms.Build.0 = SystemTest|Any CPU
		{E042A6A1-13F6-4440-8EBD-9936D22B018E}.SystemTest|x86.ActiveCfg = SystemTest|Any CPU
		{E042A6A1-13F6-4440-8EBD-9936D22B018E}.UAT|Any CPU.ActiveCfg = UAT|Any CPU
		{E042A6A1-13F6-4440-8EBD-9936D22B018E}.UAT|Any CPU.Build.0 = UAT|Any CPU
		{E042A6A1-13F6-4440-8EBD-9936D22B018E}.UAT|Mixed Platforms.ActiveCfg = UAT|Any CPU
		{E042A6A1-13F6-4440-8EBD-9936D22B018E}.UAT|Mixed Platforms.Build.0 = UAT|Any CPU
		{E042A6A1-13F6-4440-8EBD-9936D22B018E}.UAT|x86.ActiveCfg = UAT|Any CPU
		{FE24ACF0-2AB9-4F47-A159-71EAE3EF4602}.Debug|Any CPU.ActiveCfg = Debug|Any CPU
		{FE24ACF0-2AB9-4F47-A159-71EAE3EF4602}.Debug|Any CPU.Build.0 = Debug|Any CPU
		{FE24ACF0-2AB9-4F47-A159-71EAE3EF4602}.Debug|Mixed Platforms.ActiveCfg = Debug|Any CPU
		{FE24ACF0-2AB9-4F47-A159-71EAE3EF4602}.Debug|Mixed Platforms.Build.0 = Debug|Any CPU
		{FE24ACF0-2AB9-4F47-A159-71EAE3EF4602}.Debug|x86.ActiveCfg = Debug|Any CPU
		{FE24ACF0-2AB9-4F47-A159-71EAE3EF4602}.Production|Any CPU.ActiveCfg = Production|Any CPU
		{FE24ACF0-2AB9-4F47-A159-71EAE3EF4602}.Production|Any CPU.Build.0 = Production|Any CPU
		{FE24ACF0-2AB9-4F47-A159-71EAE3EF4602}.Production|Mixed Platforms.ActiveCfg = Production|Any CPU
		{FE24ACF0-2AB9-4F47-A159-71EAE3EF4602}.Production|Mixed Platforms.Build.0 = Production|Any CPU
		{FE24ACF0-2AB9-4F47-A159-71EAE3EF4602}.Production|x86.ActiveCfg = Production|Any CPU
		{FE24ACF0-2AB9-4F47-A159-71EAE3EF4602}.Release|Any CPU.ActiveCfg = Release|Any CPU
		{FE24ACF0-2AB9-4F47-A159-71EAE3EF4602}.Release|Any CPU.Build.0 = Release|Any CPU
		{FE24ACF0-2AB9-4F47-A159-71EAE3EF4602}.Release|Mixed Platforms.ActiveCfg = Release|Any CPU
		{FE24ACF0-2AB9-4F47-A159-71EAE3EF4602}.Release|Mixed Platforms.Build.0 = Release|Any CPU
		{FE24ACF0-2AB9-4F47-A159-71EAE3EF4602}.Release|x86.ActiveCfg = Release|Any CPU
		{FE24ACF0-2AB9-4F47-A159-71EAE3EF4602}.SystemTest|Any CPU.ActiveCfg = SystemTest|Any CPU
		{FE24ACF0-2AB9-4F47-A159-71EAE3EF4602}.SystemTest|Any CPU.Build.0 = SystemTest|Any CPU
		{FE24ACF0-2AB9-4F47-A159-71EAE3EF4602}.SystemTest|Mixed Platforms.ActiveCfg = SystemTest|Any CPU
		{FE24ACF0-2AB9-4F47-A159-71EAE3EF4602}.SystemTest|Mixed Platforms.Build.0 = SystemTest|Any CPU
		{FE24ACF0-2AB9-4F47-A159-71EAE3EF4602}.SystemTest|x86.ActiveCfg = SystemTest|Any CPU
		{FE24ACF0-2AB9-4F47-A159-71EAE3EF4602}.UAT|Any CPU.ActiveCfg = UAT|Any CPU
		{FE24ACF0-2AB9-4F47-A159-71EAE3EF4602}.UAT|Any CPU.Build.0 = UAT|Any CPU
		{FE24ACF0-2AB9-4F47-A159-71EAE3EF4602}.UAT|Mixed Platforms.ActiveCfg = UAT|Any CPU
		{FE24ACF0-2AB9-4F47-A159-71EAE3EF4602}.UAT|Mixed Platforms.Build.0 = UAT|Any CPU
		{FE24ACF0-2AB9-4F47-A159-71EAE3EF4602}.UAT|x86.ActiveCfg = UAT|Any CPU
		{B95E0AA0-7F2B-496F-8B05-B304F427AE9A}.Debug|Any CPU.ActiveCfg = Debug|Any CPU
		{B95E0AA0-7F2B-496F-8B05-B304F427AE9A}.Debug|Any CPU.Build.0 = Debug|Any CPU
		{B95E0AA0-7F2B-496F-8B05-B304F427AE9A}.Debug|Mixed Platforms.ActiveCfg = Debug|Any CPU
		{B95E0AA0-7F2B-496F-8B05-B304F427AE9A}.Debug|Mixed Platforms.Build.0 = Debug|Any CPU
		{B95E0AA0-7F2B-496F-8B05-B304F427AE9A}.Debug|x86.ActiveCfg = Debug|Any CPU
		{B95E0AA0-7F2B-496F-8B05-B304F427AE9A}.Production|Any CPU.ActiveCfg = Production|Any CPU
		{B95E0AA0-7F2B-496F-8B05-B304F427AE9A}.Production|Any CPU.Build.0 = Production|Any CPU
		{B95E0AA0-7F2B-496F-8B05-B304F427AE9A}.Production|Mixed Platforms.ActiveCfg = Production|Any CPU
		{B95E0AA0-7F2B-496F-8B05-B304F427AE9A}.Production|Mixed Platforms.Build.0 = Production|Any CPU
		{B95E0AA0-7F2B-496F-8B05-B304F427AE9A}.Production|x86.ActiveCfg = Production|Any CPU
		{B95E0AA0-7F2B-496F-8B05-B304F427AE9A}.Release|Any CPU.ActiveCfg = Release|Any CPU
		{B95E0AA0-7F2B-496F-8B05-B304F427AE9A}.Release|Any CPU.Build.0 = Release|Any CPU
		{B95E0AA0-7F2B-496F-8B05-B304F427AE9A}.Release|Mixed Platforms.ActiveCfg = Release|Any CPU
		{B95E0AA0-7F2B-496F-8B05-B304F427AE9A}.Release|Mixed Platforms.Build.0 = Release|Any CPU
		{B95E0AA0-7F2B-496F-8B05-B304F427AE9A}.Release|x86.ActiveCfg = Release|Any CPU
		{B95E0AA0-7F2B-496F-8B05-B304F427AE9A}.SystemTest|Any CPU.ActiveCfg = SystemTest|Any CPU
		{B95E0AA0-7F2B-496F-8B05-B304F427AE9A}.SystemTest|Any CPU.Build.0 = SystemTest|Any CPU
		{B95E0AA0-7F2B-496F-8B05-B304F427AE9A}.SystemTest|Mixed Platforms.ActiveCfg = SystemTest|Any CPU
		{B95E0AA0-7F2B-496F-8B05-B304F427AE9A}.SystemTest|Mixed Platforms.Build.0 = SystemTest|Any CPU
		{B95E0AA0-7F2B-496F-8B05-B304F427AE9A}.SystemTest|x86.ActiveCfg = SystemTest|Any CPU
		{B95E0AA0-7F2B-496F-8B05-B304F427AE9A}.UAT|Any CPU.ActiveCfg = UAT|Any CPU
		{B95E0AA0-7F2B-496F-8B05-B304F427AE9A}.UAT|Any CPU.Build.0 = UAT|Any CPU
		{B95E0AA0-7F2B-496F-8B05-B304F427AE9A}.UAT|Mixed Platforms.ActiveCfg = UAT|Any CPU
		{B95E0AA0-7F2B-496F-8B05-B304F427AE9A}.UAT|Mixed Platforms.Build.0 = UAT|Any CPU
		{B95E0AA0-7F2B-496F-8B05-B304F427AE9A}.UAT|x86.ActiveCfg = UAT|Any CPU
		{EA5FBC05-BCBC-4707-A4DD-2DE058162F33}.Debug|Any CPU.ActiveCfg = Debug|Any CPU
		{EA5FBC05-BCBC-4707-A4DD-2DE058162F33}.Debug|Any CPU.Build.0 = Debug|Any CPU
		{EA5FBC05-BCBC-4707-A4DD-2DE058162F33}.Debug|Mixed Platforms.ActiveCfg = Debug|Any CPU
		{EA5FBC05-BCBC-4707-A4DD-2DE058162F33}.Debug|Mixed Platforms.Build.0 = Debug|Any CPU
		{EA5FBC05-BCBC-4707-A4DD-2DE058162F33}.Debug|x86.ActiveCfg = Debug|Any CPU
		{EA5FBC05-BCBC-4707-A4DD-2DE058162F33}.Production|Any CPU.ActiveCfg = Production|Any CPU
		{EA5FBC05-BCBC-4707-A4DD-2DE058162F33}.Production|Any CPU.Build.0 = Production|Any CPU
		{EA5FBC05-BCBC-4707-A4DD-2DE058162F33}.Production|Mixed Platforms.ActiveCfg = Production|Any CPU
		{EA5FBC05-BCBC-4707-A4DD-2DE058162F33}.Production|Mixed Platforms.Build.0 = Production|Any CPU
		{EA5FBC05-BCBC-4707-A4DD-2DE058162F33}.Production|x86.ActiveCfg = Production|Any CPU
		{EA5FBC05-BCBC-4707-A4DD-2DE058162F33}.Release|Any CPU.ActiveCfg = Release|Any CPU
		{EA5FBC05-BCBC-4707-A4DD-2DE058162F33}.Release|Any CPU.Build.0 = Release|Any CPU
		{EA5FBC05-BCBC-4707-A4DD-2DE058162F33}.Release|Mixed Platforms.ActiveCfg = Release|Any CPU
		{EA5FBC05-BCBC-4707-A4DD-2DE058162F33}.Release|Mixed Platforms.Build.0 = Release|Any CPU
		{EA5FBC05-BCBC-4707-A4DD-2DE058162F33}.Release|x86.ActiveCfg = Release|Any CPU
		{EA5FBC05-BCBC-4707-A4DD-2DE058162F33}.SystemTest|Any CPU.ActiveCfg = SystemTest|Any CPU
		{EA5FBC05-BCBC-4707-A4DD-2DE058162F33}.SystemTest|Any CPU.Build.0 = SystemTest|Any CPU
		{EA5FBC05-BCBC-4707-A4DD-2DE058162F33}.SystemTest|Mixed Platforms.ActiveCfg = SystemTest|Any CPU
		{EA5FBC05-BCBC-4707-A4DD-2DE058162F33}.SystemTest|Mixed Platforms.Build.0 = SystemTest|Any CPU
		{EA5FBC05-BCBC-4707-A4DD-2DE058162F33}.SystemTest|x86.ActiveCfg = SystemTest|Any CPU
		{EA5FBC05-BCBC-4707-A4DD-2DE058162F33}.UAT|Any CPU.ActiveCfg = UAT|Any CPU
		{EA5FBC05-BCBC-4707-A4DD-2DE058162F33}.UAT|Any CPU.Build.0 = UAT|Any CPU
		{EA5FBC05-BCBC-4707-A4DD-2DE058162F33}.UAT|Mixed Platforms.ActiveCfg = UAT|Any CPU
		{EA5FBC05-BCBC-4707-A4DD-2DE058162F33}.UAT|Mixed Platforms.Build.0 = UAT|Any CPU
		{EA5FBC05-BCBC-4707-A4DD-2DE058162F33}.UAT|x86.ActiveCfg = UAT|Any CPU
		{5C6409D8-ED35-4F32-9413-751EAC92CCD4}.Debug|Any CPU.ActiveCfg = Debug|Any CPU
		{5C6409D8-ED35-4F32-9413-751EAC92CCD4}.Debug|Any CPU.Build.0 = Debug|Any CPU
		{5C6409D8-ED35-4F32-9413-751EAC92CCD4}.Debug|Mixed Platforms.ActiveCfg = Debug|Any CPU
		{5C6409D8-ED35-4F32-9413-751EAC92CCD4}.Debug|Mixed Platforms.Build.0 = Debug|Any CPU
		{5C6409D8-ED35-4F32-9413-751EAC92CCD4}.Debug|x86.ActiveCfg = Debug|Any CPU
		{5C6409D8-ED35-4F32-9413-751EAC92CCD4}.Production|Any CPU.ActiveCfg = Production|Any CPU
		{5C6409D8-ED35-4F32-9413-751EAC92CCD4}.Production|Any CPU.Build.0 = Production|Any CPU
		{5C6409D8-ED35-4F32-9413-751EAC92CCD4}.Production|Mixed Platforms.ActiveCfg = Production|Any CPU
		{5C6409D8-ED35-4F32-9413-751EAC92CCD4}.Production|Mixed Platforms.Build.0 = Production|Any CPU
		{5C6409D8-ED35-4F32-9413-751EAC92CCD4}.Production|x86.ActiveCfg = Production|Any CPU
		{5C6409D8-ED35-4F32-9413-751EAC92CCD4}.Release|Any CPU.ActiveCfg = Release|Any CPU
		{5C6409D8-ED35-4F32-9413-751EAC92CCD4}.Release|Any CPU.Build.0 = Release|Any CPU
		{5C6409D8-ED35-4F32-9413-751EAC92CCD4}.Release|Mixed Platforms.ActiveCfg = Release|Any CPU
		{5C6409D8-ED35-4F32-9413-751EAC92CCD4}.Release|Mixed Platforms.Build.0 = Release|Any CPU
		{5C6409D8-ED35-4F32-9413-751EAC92CCD4}.Release|x86.ActiveCfg = Release|Any CPU
		{5C6409D8-ED35-4F32-9413-751EAC92CCD4}.SystemTest|Any CPU.ActiveCfg = SystemTest|Any CPU
		{5C6409D8-ED35-4F32-9413-751EAC92CCD4}.SystemTest|Any CPU.Build.0 = SystemTest|Any CPU
		{5C6409D8-ED35-4F32-9413-751EAC92CCD4}.SystemTest|Mixed Platforms.ActiveCfg = SystemTest|Any CPU
		{5C6409D8-ED35-4F32-9413-751EAC92CCD4}.SystemTest|Mixed Platforms.Build.0 = SystemTest|Any CPU
		{5C6409D8-ED35-4F32-9413-751EAC92CCD4}.SystemTest|x86.ActiveCfg = SystemTest|Any CPU
		{5C6409D8-ED35-4F32-9413-751EAC92CCD4}.UAT|Any CPU.ActiveCfg = UAT|Any CPU
		{5C6409D8-ED35-4F32-9413-751EAC92CCD4}.UAT|Any CPU.Build.0 = UAT|Any CPU
		{5C6409D8-ED35-4F32-9413-751EAC92CCD4}.UAT|Mixed Platforms.ActiveCfg = UAT|Any CPU
		{5C6409D8-ED35-4F32-9413-751EAC92CCD4}.UAT|Mixed Platforms.Build.0 = UAT|Any CPU
		{5C6409D8-ED35-4F32-9413-751EAC92CCD4}.UAT|x86.ActiveCfg = UAT|Any CPU
		{492F35CD-2709-48F1-9950-C34D9CF8977E}.Debug|Any CPU.ActiveCfg = Debug|Any CPU
		{492F35CD-2709-48F1-9950-C34D9CF8977E}.Debug|Any CPU.Build.0 = Debug|Any CPU
		{492F35CD-2709-48F1-9950-C34D9CF8977E}.Debug|Mixed Platforms.ActiveCfg = Debug|Any CPU
		{492F35CD-2709-48F1-9950-C34D9CF8977E}.Debug|Mixed Platforms.Build.0 = Debug|Any CPU
		{492F35CD-2709-48F1-9950-C34D9CF8977E}.Debug|x86.ActiveCfg = Debug|Any CPU
		{492F35CD-2709-48F1-9950-C34D9CF8977E}.Production|Any CPU.ActiveCfg = Production|Any CPU
		{492F35CD-2709-48F1-9950-C34D9CF8977E}.Production|Any CPU.Build.0 = Production|Any CPU
		{492F35CD-2709-48F1-9950-C34D9CF8977E}.Production|Mixed Platforms.ActiveCfg = Production|Any CPU
		{492F35CD-2709-48F1-9950-C34D9CF8977E}.Production|Mixed Platforms.Build.0 = Production|Any CPU
		{492F35CD-2709-48F1-9950-C34D9CF8977E}.Production|x86.ActiveCfg = Production|Any CPU
		{492F35CD-2709-48F1-9950-C34D9CF8977E}.Release|Any CPU.ActiveCfg = Release|Any CPU
		{492F35CD-2709-48F1-9950-C34D9CF8977E}.Release|Any CPU.Build.0 = Release|Any CPU
		{492F35CD-2709-48F1-9950-C34D9CF8977E}.Release|Mixed Platforms.ActiveCfg = Release|Any CPU
		{492F35CD-2709-48F1-9950-C34D9CF8977E}.Release|Mixed Platforms.Build.0 = Release|Any CPU
		{492F35CD-2709-48F1-9950-C34D9CF8977E}.Release|x86.ActiveCfg = Release|Any CPU
		{492F35CD-2709-48F1-9950-C34D9CF8977E}.SystemTest|Any CPU.ActiveCfg = SystemTest|Any CPU
		{492F35CD-2709-48F1-9950-C34D9CF8977E}.SystemTest|Any CPU.Build.0 = SystemTest|Any CPU
		{492F35CD-2709-48F1-9950-C34D9CF8977E}.SystemTest|Mixed Platforms.ActiveCfg = SystemTest|Any CPU
		{492F35CD-2709-48F1-9950-C34D9CF8977E}.SystemTest|Mixed Platforms.Build.0 = SystemTest|Any CPU
		{492F35CD-2709-48F1-9950-C34D9CF8977E}.SystemTest|x86.ActiveCfg = SystemTest|Any CPU
		{492F35CD-2709-48F1-9950-C34D9CF8977E}.UAT|Any CPU.ActiveCfg = UAT|Any CPU
		{492F35CD-2709-48F1-9950-C34D9CF8977E}.UAT|Any CPU.Build.0 = UAT|Any CPU
		{492F35CD-2709-48F1-9950-C34D9CF8977E}.UAT|Mixed Platforms.ActiveCfg = UAT|Any CPU
		{492F35CD-2709-48F1-9950-C34D9CF8977E}.UAT|Mixed Platforms.Build.0 = UAT|Any CPU
		{492F35CD-2709-48F1-9950-C34D9CF8977E}.UAT|x86.ActiveCfg = UAT|Any CPU
		{D0894137-C4BA-4170-90BB-0D9C37AB66E3}.Debug|Any CPU.ActiveCfg = Debug|Any CPU
		{D0894137-C4BA-4170-90BB-0D9C37AB66E3}.Debug|Any CPU.Build.0 = Debug|Any CPU
		{D0894137-C4BA-4170-90BB-0D9C37AB66E3}.Debug|Mixed Platforms.ActiveCfg = Debug|Any CPU
		{D0894137-C4BA-4170-90BB-0D9C37AB66E3}.Debug|Mixed Platforms.Build.0 = Debug|Any CPU
		{D0894137-C4BA-4170-90BB-0D9C37AB66E3}.Debug|x86.ActiveCfg = Debug|Any CPU
		{D0894137-C4BA-4170-90BB-0D9C37AB66E3}.Production|Any CPU.ActiveCfg = Production|Any CPU
		{D0894137-C4BA-4170-90BB-0D9C37AB66E3}.Production|Any CPU.Build.0 = Production|Any CPU
		{D0894137-C4BA-4170-90BB-0D9C37AB66E3}.Production|Mixed Platforms.ActiveCfg = Production|Any CPU
		{D0894137-C4BA-4170-90BB-0D9C37AB66E3}.Production|Mixed Platforms.Build.0 = Production|Any CPU
		{D0894137-C4BA-4170-90BB-0D9C37AB66E3}.Production|x86.ActiveCfg = Production|Any CPU
		{D0894137-C4BA-4170-90BB-0D9C37AB66E3}.Release|Any CPU.ActiveCfg = Release|Any CPU
		{D0894137-C4BA-4170-90BB-0D9C37AB66E3}.Release|Any CPU.Build.0 = Release|Any CPU
		{D0894137-C4BA-4170-90BB-0D9C37AB66E3}.Release|Mixed Platforms.ActiveCfg = Release|Any CPU
		{D0894137-C4BA-4170-90BB-0D9C37AB66E3}.Release|Mixed Platforms.Build.0 = Release|Any CPU
		{D0894137-C4BA-4170-90BB-0D9C37AB66E3}.Release|x86.ActiveCfg = Release|Any CPU
		{D0894137-C4BA-4170-90BB-0D9C37AB66E3}.SystemTest|Any CPU.ActiveCfg = SystemTest|Any CPU
		{D0894137-C4BA-4170-90BB-0D9C37AB66E3}.SystemTest|Any CPU.Build.0 = SystemTest|Any CPU
		{D0894137-C4BA-4170-90BB-0D9C37AB66E3}.SystemTest|Mixed Platforms.ActiveCfg = SystemTest|Any CPU
		{D0894137-C4BA-4170-90BB-0D9C37AB66E3}.SystemTest|Mixed Platforms.Build.0 = SystemTest|Any CPU
		{D0894137-C4BA-4170-90BB-0D9C37AB66E3}.SystemTest|x86.ActiveCfg = SystemTest|Any CPU
		{D0894137-C4BA-4170-90BB-0D9C37AB66E3}.UAT|Any CPU.ActiveCfg = UAT|Any CPU
		{D0894137-C4BA-4170-90BB-0D9C37AB66E3}.UAT|Any CPU.Build.0 = UAT|Any CPU
		{D0894137-C4BA-4170-90BB-0D9C37AB66E3}.UAT|Mixed Platforms.ActiveCfg = UAT|Any CPU
		{D0894137-C4BA-4170-90BB-0D9C37AB66E3}.UAT|Mixed Platforms.Build.0 = UAT|Any CPU
		{D0894137-C4BA-4170-90BB-0D9C37AB66E3}.UAT|x86.ActiveCfg = UAT|Any CPU
		{1EF56A77-9CA9-456A-BECC-4BCE331F7EFC}.Debug|Any CPU.ActiveCfg = Debug|Any CPU
		{1EF56A77-9CA9-456A-BECC-4BCE331F7EFC}.Debug|Any CPU.Build.0 = Debug|Any CPU
		{1EF56A77-9CA9-456A-BECC-4BCE331F7EFC}.Debug|Mixed Platforms.ActiveCfg = Debug|Any CPU
		{1EF56A77-9CA9-456A-BECC-4BCE331F7EFC}.Debug|Mixed Platforms.Build.0 = Debug|Any CPU
		{1EF56A77-9CA9-456A-BECC-4BCE331F7EFC}.Debug|x86.ActiveCfg = Debug|Any CPU
		{1EF56A77-9CA9-456A-BECC-4BCE331F7EFC}.Production|Any CPU.ActiveCfg = Production|Any CPU
		{1EF56A77-9CA9-456A-BECC-4BCE331F7EFC}.Production|Any CPU.Build.0 = Production|Any CPU
		{1EF56A77-9CA9-456A-BECC-4BCE331F7EFC}.Production|Mixed Platforms.ActiveCfg = Production|Any CPU
		{1EF56A77-9CA9-456A-BECC-4BCE331F7EFC}.Production|Mixed Platforms.Build.0 = Production|Any CPU
		{1EF56A77-9CA9-456A-BECC-4BCE331F7EFC}.Production|x86.ActiveCfg = Production|Any CPU
		{1EF56A77-9CA9-456A-BECC-4BCE331F7EFC}.Release|Any CPU.ActiveCfg = Release|Any CPU
		{1EF56A77-9CA9-456A-BECC-4BCE331F7EFC}.Release|Any CPU.Build.0 = Release|Any CPU
		{1EF56A77-9CA9-456A-BECC-4BCE331F7EFC}.Release|Mixed Platforms.ActiveCfg = Release|Any CPU
		{1EF56A77-9CA9-456A-BECC-4BCE331F7EFC}.Release|Mixed Platforms.Build.0 = Release|Any CPU
		{1EF56A77-9CA9-456A-BECC-4BCE331F7EFC}.Release|x86.ActiveCfg = Release|Any CPU
		{1EF56A77-9CA9-456A-BECC-4BCE331F7EFC}.SystemTest|Any CPU.ActiveCfg = SystemTest|Any CPU
		{1EF56A77-9CA9-456A-BECC-4BCE331F7EFC}.SystemTest|Any CPU.Build.0 = SystemTest|Any CPU
		{1EF56A77-9CA9-456A-BECC-4BCE331F7EFC}.SystemTest|Mixed Platforms.ActiveCfg = SystemTest|Any CPU
		{1EF56A77-9CA9-456A-BECC-4BCE331F7EFC}.SystemTest|Mixed Platforms.Build.0 = SystemTest|Any CPU
		{1EF56A77-9CA9-456A-BECC-4BCE331F7EFC}.SystemTest|x86.ActiveCfg = SystemTest|Any CPU
		{1EF56A77-9CA9-456A-BECC-4BCE331F7EFC}.UAT|Any CPU.ActiveCfg = UAT|Any CPU
		{1EF56A77-9CA9-456A-BECC-4BCE331F7EFC}.UAT|Any CPU.Build.0 = UAT|Any CPU
		{1EF56A77-9CA9-456A-BECC-4BCE331F7EFC}.UAT|Mixed Platforms.ActiveCfg = UAT|Any CPU
		{1EF56A77-9CA9-456A-BECC-4BCE331F7EFC}.UAT|Mixed Platforms.Build.0 = UAT|Any CPU
		{1EF56A77-9CA9-456A-BECC-4BCE331F7EFC}.UAT|x86.ActiveCfg = UAT|Any CPU
		{3C91A59A-57CE-49C2-8558-E614502698EC}.Debug|Any CPU.ActiveCfg = Debug|Any CPU
		{3C91A59A-57CE-49C2-8558-E614502698EC}.Debug|Any CPU.Build.0 = Debug|Any CPU
		{3C91A59A-57CE-49C2-8558-E614502698EC}.Debug|Mixed Platforms.ActiveCfg = Debug|Any CPU
		{3C91A59A-57CE-49C2-8558-E614502698EC}.Debug|Mixed Platforms.Build.0 = Debug|Any CPU
		{3C91A59A-57CE-49C2-8558-E614502698EC}.Debug|x86.ActiveCfg = Debug|Any CPU
		{3C91A59A-57CE-49C2-8558-E614502698EC}.Production|Any CPU.ActiveCfg = Production|Any CPU
		{3C91A59A-57CE-49C2-8558-E614502698EC}.Production|Any CPU.Build.0 = Production|Any CPU
		{3C91A59A-57CE-49C2-8558-E614502698EC}.Production|Mixed Platforms.ActiveCfg = Production|Any CPU
		{3C91A59A-57CE-49C2-8558-E614502698EC}.Production|Mixed Platforms.Build.0 = Production|Any CPU
		{3C91A59A-57CE-49C2-8558-E614502698EC}.Production|x86.ActiveCfg = Production|Any CPU
		{3C91A59A-57CE-49C2-8558-E614502698EC}.Release|Any CPU.ActiveCfg = Release|Any CPU
		{3C91A59A-57CE-49C2-8558-E614502698EC}.Release|Any CPU.Build.0 = Release|Any CPU
		{3C91A59A-57CE-49C2-8558-E614502698EC}.Release|Mixed Platforms.ActiveCfg = Release|Any CPU
		{3C91A59A-57CE-49C2-8558-E614502698EC}.Release|Mixed Platforms.Build.0 = Release|Any CPU
		{3C91A59A-57CE-49C2-8558-E614502698EC}.Release|x86.ActiveCfg = Release|Any CPU
		{3C91A59A-57CE-49C2-8558-E614502698EC}.SystemTest|Any CPU.ActiveCfg = SystemTest|Any CPU
		{3C91A59A-57CE-49C2-8558-E614502698EC}.SystemTest|Any CPU.Build.0 = SystemTest|Any CPU
		{3C91A59A-57CE-49C2-8558-E614502698EC}.SystemTest|Mixed Platforms.ActiveCfg = SystemTest|Any CPU
		{3C91A59A-57CE-49C2-8558-E614502698EC}.SystemTest|Mixed Platforms.Build.0 = SystemTest|Any CPU
		{3C91A59A-57CE-49C2-8558-E614502698EC}.SystemTest|x86.ActiveCfg = SystemTest|Any CPU
		{3C91A59A-57CE-49C2-8558-E614502698EC}.UAT|Any CPU.ActiveCfg = UAT|Any CPU
		{3C91A59A-57CE-49C2-8558-E614502698EC}.UAT|Any CPU.Build.0 = UAT|Any CPU
		{3C91A59A-57CE-49C2-8558-E614502698EC}.UAT|Mixed Platforms.ActiveCfg = UAT|Any CPU
		{3C91A59A-57CE-49C2-8558-E614502698EC}.UAT|Mixed Platforms.Build.0 = UAT|Any CPU
		{3C91A59A-57CE-49C2-8558-E614502698EC}.UAT|x86.ActiveCfg = UAT|Any CPU
	EndGlobalSection
	GlobalSection(SolutionProperties) = preSolution
		HideSolutionNode = FALSE
	EndGlobalSection
	GlobalSection(NestedProjects) = preSolution
		{FE24ACF0-2AB9-4F47-A159-71EAE3EF4602} = {9B31E2F2-195B-4CC1-AA29-8643D3678E6C}
		{B95E0AA0-7F2B-496F-8B05-B304F427AE9A} = {9B31E2F2-195B-4CC1-AA29-8643D3678E6C}
		{EA5FBC05-BCBC-4707-A4DD-2DE058162F33} = {9B31E2F2-195B-4CC1-AA29-8643D3678E6C}
		{3C91A59A-57CE-49C2-8558-E614502698EC} = {9B31E2F2-195B-4CC1-AA29-8643D3678E6C}
		{5C6409D8-ED35-4F32-9413-751EAC92CCD4} = {63607586-369B-4DEF-810A-6A9828C647E2}
		{1EF56A77-9CA9-456A-BECC-4BCE331F7EFC} = {63607586-369B-4DEF-810A-6A9828C647E2}
		{8419BE99-3583-4C28-9A28-33D410E84D2F} = {6A9CA9A3-3E3B-4714-97E7-B84722BCC521}
		{492F35CD-2709-48F1-9950-C34D9CF8977E} = {6A9CA9A3-3E3B-4714-97E7-B84722BCC521}
		{D0894137-C4BA-4170-90BB-0D9C37AB66E3} = {6A9CA9A3-3E3B-4714-97E7-B84722BCC521}
		{4B89956E-D9E0-4DB8-9AF5-E53A81E8A357} = {0AD3B77D-7560-4C4E-B2CC-F7BF49363968}
		{241CFCB5-BEEE-48D7-9778-C31F3B524A5A} = {0AD3B77D-7560-4C4E-B2CC-F7BF49363968}
		{E042A6A1-13F6-4440-8EBD-9936D22B018E} = {0AD3B77D-7560-4C4E-B2CC-F7BF49363968}
	EndGlobalSection
EndGlobal
